
Microsoft Visual Studio Solution File, Format Version 12.00
# Visual Studio Version 17
VisualStudioVersion = 17.2.32210.308
MinimumVisualStudioVersion = 10.0.40219.1
Project("{FAE04EC0-301F-11D3-BF4B-00C04F79EFBC}") = "NVStreamer1080", "NVStreamer1080.csproj", "{C1A56B6E-B4D6-46BB-BED2-51BF0478658A}"
EndProject
Global
	GlobalSection(SolutionConfigurationPlatforms) = preSolution
		Debug|Any CPU = Debug|Any CPU
		Release|Any CPU = Release|Any CPU
	EndGlobalSection
	GlobalSection(ProjectConfigurationPlatforms) = postSolution
		{C1A56B6E-B4D6-46BB-BED2-51BF0478658A}.Debug|Any CPU.ActiveCfg = Debug|Any CPU
		{C1A56B6E-B4D6-46BB-BED2-51BF0478658A}.Debug|Any CPU.Build.0 = Debug|Any CPU
		{C1A56B6E-B4D6-46BB-BED2-51BF0478658A}.Release|Any CPU.ActiveCfg = Release|Any CPU
		{C1A56B6E-B4D6-46BB-BED2-51BF0478658A}.Release|Any CPU.Build.0 = Release|Any CPU
	EndGlobalSection
	GlobalSection(SolutionProperties) = preSolution
		HideSolutionNode = FALSE
	EndGlobalSection
	GlobalSection(ExtensibilityGlobals) = postSolution
		SolutionGuid = {775F5678-456B-4AC1-9AD9-C5487776FDBE}
	EndGlobalSection
EndGlobal
